
Microsoft Visual Studio Solution File, Format Version 12.00
# Visual Studio Version 17
VisualStudioVersion = 17.0.31912.275
MinimumVisualStudioVersion = 10.0.40219.1
Project("{FAE04EC0-301F-11D3-BF4B-00C04F79EFBC}") = "StableDiffusionGUI", "StableDiffusionGUI\StableDiffusionGUI.csproj", "{7883251B-2A8D-4E41-AAB4-00437043B09F}"
EndProject
Global
	GlobalSection(SolutionConfigurationPlatforms) = preSolution
		Debug|Any CPU = Debug|Any CPU
		Release|Any CPU = Release|Any CPU
	EndGlobalSection
	GlobalSection(ProjectConfigurationPlatforms) = postSolution
		{7883251B-2A8D-4E41-AAB4-00437043B09F}.Debug|Any CPU.ActiveCfg = Debug|Any CPU
		{7883251B-2A8D-4E41-AAB4-00437043B09F}.Debug|Any CPU.Build.0 = Debug|Any CPU
		{7883251B-2A8D-4E41-AAB4-00437043B09F}.Release|Any CPU.ActiveCfg = Release|Any CPU
		{7883251B-2A8D-4E41-AAB4-00437043B09F}.Release|Any CPU.Build.0 = Release|Any CPU
	EndGlobalSection
	GlobalSection(SolutionProperties) = preSolution
		HideSolutionNode = FALSE
	EndGlobalSection
	GlobalSection(ExtensibilityGlobals) = postSolution
		SolutionGuid = {BE8296CD-C794-47BE-A272-15D4416571A4}
	EndGlobalSection
EndGlobal
